// !$*UTF8*$!
{
	archiveVersion = 1;
	classes = {
	};
	objectVersion = 55;
	objects = {

/* Begin PBXBuildFile section */
		8A6B1BF828D2222A001A685B /* AppDelegate.swift in Sources */ = {isa = PBXBuildFile; fileRef = 8A6B1BF728D2222A001A685B /* AppDelegate.swift */; };
		8A6B1BFA28D2222A001A685B /* SceneDelegate.swift in Sources */ = {isa = PBXBuildFile; fileRef = 8A6B1BF928D2222A001A685B /* SceneDelegate.swift */; };
		8A6B1C0128D2222B001A685B /* Assets.xcassets in Resources */ = {isa = PBXBuildFile; fileRef = 8A6B1C0028D2222B001A685B /* Assets.xcassets */; };
		8A6B1C0428D2222B001A685B /* LaunchScreen.storyboard in Resources */ = {isa = PBXBuildFile; fileRef = 8A6B1C0228D2222B001A685B /* LaunchScreen.storyboard */; };
		8A6B1C0E28D2289D001A685B /* MainWeatherViewController.swift in Sources */ = {isa = PBXBuildFile; fileRef = 8A6B1C0D28D2289D001A685B /* MainWeatherViewController.swift */; };
		8A6B1C1628D22A1C001A685B /* AppFlowCoordinator.swift in Sources */ = {isa = PBXBuildFile; fileRef = 8A6B1C1528D22A1C001A685B /* AppFlowCoordinator.swift */; };
		8A6B1C1828D22A33001A685B /* MainFlowCoordinator.swift in Sources */ = {isa = PBXBuildFile; fileRef = 8A6B1C1728D22A33001A685B /* MainFlowCoordinator.swift */; };
		8A6B1C2028D22B8F001A685B /* AppAppearance.swift in Sources */ = {isa = PBXBuildFile; fileRef = 8A6B1C1F28D22B8F001A685B /* AppAppearance.swift */; };
		8A6B1C2228D22BB3001A685B /* UIColor+Constants.swift in Sources */ = {isa = PBXBuildFile; fileRef = 8A6B1C2128D22BB3001A685B /* UIColor+Constants.swift */; };
		8A6B1C2528D22E59001A685B /* NetworkService.swift in Sources */ = {isa = PBXBuildFile; fileRef = 8A6B1C2428D22E59001A685B /* NetworkService.swift */; };
		8A6B1C2828D22EA3001A685B /* WeatherResponce.swift in Sources */ = {isa = PBXBuildFile; fileRef = 8A6B1C2728D22EA3001A685B /* WeatherResponce.swift */; };
		8A6B1C2B28D22F7D001A685B /* String+Extensions.swift in Sources */ = {isa = PBXBuildFile; fileRef = 8A6B1C2A28D22F7D001A685B /* String+Extensions.swift */; };
		8A6B1C2E28D2310E001A685B /* WeatherViewModel.swift in Sources */ = {isa = PBXBuildFile; fileRef = 8A6B1C2D28D2310E001A685B /* WeatherViewModel.swift */; };
/* End PBXBuildFile section */

/* Begin PBXFileReference section */
		8A6B1BF428D2222A001A685B /* WeatherAppTask.app */ = {isa = PBXFileReference; explicitFileType = wrapper.application; includeInIndex = 0; path = WeatherAppTask.app; sourceTree = BUILT_PRODUCTS_DIR; };
		8A6B1BF728D2222A001A685B /* AppDelegate.swift */ = {isa = PBXFileReference; lastKnownFileType = sourcecode.swift; path = AppDelegate.swift; sourceTree = "<group>"; };
		8A6B1BF928D2222A001A685B /* SceneDelegate.swift */ = {isa = PBXFileReference; lastKnownFileType = sourcecode.swift; path = SceneDelegate.swift; sourceTree = "<group>"; };
		8A6B1C0028D2222B001A685B /* Assets.xcassets */ = {isa = PBXFileReference; lastKnownFileType = folder.assetcatalog; path = Assets.xcassets; sourceTree = "<group>"; };
		8A6B1C0328D2222B001A685B /* Base */ = {isa = PBXFileReference; lastKnownFileType = file.storyboard; name = Base; path = Base.lproj/LaunchScreen.storyboard; sourceTree = "<group>"; };
		8A6B1C0528D2222B001A685B /* Info.plist */ = {isa = PBXFileReference; lastKnownFileType = text.plist.xml; path = Info.plist; sourceTree = "<group>"; };
		8A6B1C0D28D2289D001A685B /* MainWeatherViewController.swift */ = {isa = PBXFileReference; lastKnownFileType = sourcecode.swift; path = MainWeatherViewController.swift; sourceTree = "<group>"; };
		8A6B1C1528D22A1C001A685B /* AppFlowCoordinator.swift */ = {isa = PBXFileReference; lastKnownFileType = sourcecode.swift; path = AppFlowCoordinator.swift; sourceTree = "<group>"; };
		8A6B1C1728D22A33001A685B /* MainFlowCoordinator.swift */ = {isa = PBXFileReference; lastKnownFileType = sourcecode.swift; path = MainFlowCoordinator.swift; sourceTree = "<group>"; };
		8A6B1C1F28D22B8F001A685B /* AppAppearance.swift */ = {isa = PBXFileReference; lastKnownFileType = sourcecode.swift; path = AppAppearance.swift; sourceTree = "<group>"; };
		8A6B1C2128D22BB3001A685B /* UIColor+Constants.swift */ = {isa = PBXFileReference; lastKnownFileType = sourcecode.swift; path = "UIColor+Constants.swift"; sourceTree = "<group>"; };
		8A6B1C2428D22E59001A685B /* NetworkService.swift */ = {isa = PBXFileReference; lastKnownFileType = sourcecode.swift; path = NetworkService.swift; sourceTree = "<group>"; };
		8A6B1C2728D22EA3001A685B /* WeatherResponce.swift */ = {isa = PBXFileReference; lastKnownFileType = sourcecode.swift; path = WeatherResponce.swift; sourceTree = "<group>"; };
		8A6B1C2A28D22F7D001A685B /* String+Extensions.swift */ = {isa = PBXFileReference; lastKnownFileType = sourcecode.swift; path = "String+Extensions.swift"; sourceTree = "<group>"; };
		8A6B1C2D28D2310E001A685B /* WeatherViewModel.swift */ = {isa = PBXFileReference; lastKnownFileType = sourcecode.swift; path = WeatherViewModel.swift; sourceTree = "<group>"; };
/* End PBXFileReference section */

/* Begin PBXFrameworksBuildPhase section */
		8A6B1BF128D2222A001A685B /* Frameworks */ = {
			isa = PBXFrameworksBuildPhase;
			buildActionMask = 2147483647;
			files = (
			);
			runOnlyForDeploymentPostprocessing = 0;
		};
/* End PBXFrameworksBuildPhase section */

/* Begin PBXGroup section */
		8A6B1BEB28D2222A001A685B = {
			isa = PBXGroup;
			children = (
				8A6B1BF628D2222A001A685B /* WeatherAppTask */,
				8A6B1BF528D2222A001A685B /* Products */,
			);
			sourceTree = "<group>";
		};
		8A6B1BF528D2222A001A685B /* Products */ = {
			isa = PBXGroup;
			children = (
				8A6B1BF428D2222A001A685B /* WeatherAppTask.app */,
			);
			name = Products;
			sourceTree = "<group>";
		};
		8A6B1BF628D2222A001A685B /* WeatherAppTask */ = {
			isa = PBXGroup;
			children = (
				8A6B1C0F28D2292E001A685B /* Application */,
				8A6B1C1128D22951001A685B /* Configurations */,
				8A6B1C1228D22982001A685B /* Presentation */,
				8A6B1C1328D2298B001A685B /* Resources */,
			);
			path = WeatherAppTask;
			sourceTree = "<group>";
		};
		8A6B1C0F28D2292E001A685B /* Application */ = {
			isa = PBXGroup;
			children = (
				8A6B1C2628D22E97001A685B /* Models */,
				8A6B1C2328D22E3A001A685B /* Services */,
				8A6B1C1028D22944001A685B /* Coordinators */,
				8A6B1BF728D2222A001A685B /* AppDelegate.swift */,
				8A6B1BF928D2222A001A685B /* SceneDelegate.swift */,
				8A6B1C1F28D22B8F001A685B /* AppAppearance.swift */,
			);
			path = Application;
			sourceTree = "<group>";
		};
		8A6B1C1028D22944001A685B /* Coordinators */ = {
			isa = PBXGroup;
			children = (
				8A6B1C1528D22A1C001A685B /* AppFlowCoordinator.swift */,
				8A6B1C1728D22A33001A685B /* MainFlowCoordinator.swift */,
			);
			path = Coordinators;
			sourceTree = "<group>";
		};
		8A6B1C1128D22951001A685B /* Configurations */ = {
			isa = PBXGroup;
			children = (
				8A6B1C0528D2222B001A685B /* Info.plist */,
			);
			path = Configurations;
			sourceTree = "<group>";
		};
		8A6B1C1228D22982001A685B /* Presentation */ = {
			isa = PBXGroup;
			children = (
				8A6B1C2C28D23106001A685B /* ViewModels */,
				8A6B1C0D28D2289D001A685B /* MainWeatherViewController.swift */,
			);
			path = Presentation;
			sourceTree = "<group>";
		};
		8A6B1C1328D2298B001A685B /* Resources */ = {
			isa = PBXGroup;
			children = (
				8A6B1C1428D2299B001A685B /* Extensions */,
				8A6B1C0028D2222B001A685B /* Assets.xcassets */,
				8A6B1C0228D2222B001A685B /* LaunchScreen.storyboard */,
			);
			path = Resources;
			sourceTree = "<group>";
		};
		8A6B1C1428D2299B001A685B /* Extensions */ = {
			isa = PBXGroup;
			children = (
				8A6B1C2128D22BB3001A685B /* UIColor+Constants.swift */,
				8A6B1C2A28D22F7D001A685B /* String+Extensions.swift */,
			);
			path = Extensions;
			sourceTree = "<group>";
		};
		8A6B1C2328D22E3A001A685B /* Services */ = {
			isa = PBXGroup;
			children = (
				8A6B1C2428D22E59001A685B /* NetworkService.swift */,
			);
			path = Services;
			sourceTree = "<group>";
		};
		8A6B1C2628D22E97001A685B /* Models */ = {
			isa = PBXGroup;
			children = (
				8A6B1C2728D22EA3001A685B /* WeatherResponce.swift */,
			);
			path = Models;
			sourceTree = "<group>";
		};
		8A6B1C2C28D23106001A685B /* ViewModels */ = {
			isa = PBXGroup;
			children = (
				8A6B1C2D28D2310E001A685B /* WeatherViewModel.swift */,
			);
			path = ViewModels;
			sourceTree = "<group>";
		};
/* End PBXGroup section */

/* Begin PBXNativeTarget section */
		8A6B1BF328D2222A001A685B /* WeatherAppTask */ = {
			isa = PBXNativeTarget;
			buildConfigurationList = 8A6B1C0828D2222B001A685B /* Build configuration list for PBXNativeTarget "WeatherAppTask" */;
			buildPhases = (
				8A6B1BF028D2222A001A685B /* Sources */,
				8A6B1BF128D2222A001A685B /* Frameworks */,
				8A6B1BF228D2222A001A685B /* Resources */,
			);
			buildRules = (
			);
			dependencies = (
			);
			name = WeatherAppTask;
			productName = WeatherAppTask;
			productReference = 8A6B1BF428D2222A001A685B /* WeatherAppTask.app */;
			productType = "com.apple.product-type.application";
		};
/* End PBXNativeTarget section */

/* Begin PBXProject section */
		8A6B1BEC28D2222A001A685B /* Project object */ = {
			isa = PBXProject;
			attributes = {
				BuildIndependentTargetsInParallel = 1;
				LastSwiftUpdateCheck = 1340;
				LastUpgradeCheck = 1340;
				TargetAttributes = {
					8A6B1BF328D2222A001A685B = {
						CreatedOnToolsVersion = 13.4.1;
					};
				};
			};
			buildConfigurationList = 8A6B1BEF28D2222A001A685B /* Build configuration list for PBXProject "WeatherAppTask" */;
			compatibilityVersion = "Xcode 13.0";
			developmentRegion = en;
			hasScannedForEncodings = 0;
			knownRegions = (
				en,
				Base,
			);
			mainGroup = 8A6B1BEB28D2222A001A685B;
			productRefGroup = 8A6B1BF528D2222A001A685B /* Products */;
			projectDirPath = "";
			projectRoot = "";
			targets = (
				8A6B1BF328D2222A001A685B /* WeatherAppTask */,
			);
		};
/* End PBXProject section */

/* Begin PBXResourcesBuildPhase section */
		8A6B1BF228D2222A001A685B /* Resources */ = {
			isa = PBXResourcesBuildPhase;
			buildActionMask = 2147483647;
			files = (
				8A6B1C0428D2222B001A685B /* LaunchScreen.storyboard in Resources */,
				8A6B1C0128D2222B001A685B /* Assets.xcassets in Resources */,
			);
			runOnlyForDeploymentPostprocessing = 0;
		};
/* End PBXResourcesBuildPhase section */

/* Begin PBXSourcesBuildPhase section */
		8A6B1BF028D2222A001A685B /* Sources */ = {
			isa = PBXSourcesBuildPhase;
			buildActionMask = 2147483647;
			files = (
				8A6B1C2B28D22F7D001A685B /* String+Extensions.swift in Sources */,
				8A6B1C1628D22A1C001A685B /* AppFlowCoordinator.swift in Sources */,
				8A6B1BF828D2222A001A685B /* AppDelegate.swift in Sources */,
				8A6B1C2E28D2310E001A685B /* WeatherViewModel.swift in Sources */,
				8A6B1C2528D22E59001A685B /* NetworkService.swift in Sources */,
				8A6B1BFA28D2222A001A685B /* SceneDelegate.swift in Sources */,
				8A6B1C2028D22B8F001A685B /* AppAppearance.swift in Sources */,
				8A6B1C2228D22BB3001A685B /* UIColor+Constants.swift in Sources */,
				8A6B1C2828D22EA3001A685B /* WeatherResponce.swift in Sources */,
				8A6B1C1828D22A33001A685B /* MainFlowCoordinator.swift in Sources */,
				8A6B1C0E28D2289D001A685B /* MainWeatherViewController.swift in Sources */,
			);
			runOnlyForDeploymentPostprocessing = 0;
		};
/* End PBXSourcesBuildPhase section */

/* Begin PBXVariantGroup section */
		8A6B1C0228D2222B001A685B /* LaunchScreen.storyboard */ = {
			isa = PBXVariantGroup;
			children = (
				8A6B1C0328D2222B001A685B /* Base */,
			);
			name = LaunchScreen.storyboard;
			sourceTree = "<group>";
		};
/* End PBXVariantGroup section */

/* Begin XCBuildConfiguration section */
		8A6B1C0628D2222B001A685B /* Debug */ = {
			isa = XCBuildConfiguration;
			buildSettings = {
				ALWAYS_SEARCH_USER_PATHS = NO;
				CLANG_ANALYZER_NONNULL = YES;
				CLANG_ANALYZER_NUMBER_OBJECT_CONVERSION = YES_AGGRESSIVE;
				CLANG_CXX_LANGUAGE_STANDARD = "gnu++17";
				CLANG_ENABLE_MODULES = YES;
				CLANG_ENABLE_OBJC_ARC = YES;
				CLANG_ENABLE_OBJC_WEAK = YES;
				CLANG_WARN_BLOCK_CAPTURE_AUTORELEASING = YES;
				CLANG_WARN_BOOL_CONVERSION = YES;
				CLANG_WARN_COMMA = YES;
				CLANG_WARN_CONSTANT_CONVERSION = YES;
				CLANG_WARN_DEPRECATED_OBJC_IMPLEMENTATIONS = YES;
				CLANG_WARN_DIRECT_OBJC_ISA_USAGE = YES_ERROR;
				CLANG_WARN_DOCUMENTATION_COMMENTS = YES;
				CLANG_WARN_EMPTY_BODY = YES;
				CLANG_WARN_ENUM_CONVERSION = YES;
				CLANG_WARN_INFINITE_RECURSION = YES;
				CLANG_WARN_INT_CONVERSION = YES;
				CLANG_WARN_NON_LITERAL_NULL_CONVERSION = YES;
				CLANG_WARN_OBJC_IMPLICIT_RETAIN_SELF = YES;
				CLANG_WARN_OBJC_LITERAL_CONVERSION = YES;
				CLANG_WARN_OBJC_ROOT_CLASS = YES_ERROR;
				CLANG_WARN_QUOTED_INCLUDE_IN_FRAMEWORK_HEADER = YES;
				CLANG_WARN_RANGE_LOOP_ANALYSIS = YES;
				CLANG_WARN_STRICT_PROTOTYPES = YES;
				CLANG_WARN_SUSPICIOUS_MOVE = YES;
				CLANG_WARN_UNGUARDED_AVAILABILITY = YES_AGGRESSIVE;
				CLANG_WARN_UNREACHABLE_CODE = YES;
				CLANG_WARN__DUPLICATE_METHOD_MATCH = YES;
				COPY_PHASE_STRIP = NO;
				DEBUG_INFORMATION_FORMAT = dwarf;
				ENABLE_STRICT_OBJC_MSGSEND = YES;
				ENABLE_TESTABILITY = YES;
				GCC_C_LANGUAGE_STANDARD = gnu11;
				GCC_DYNAMIC_NO_PIC = NO;
				GCC_NO_COMMON_BLOCKS = YES;
				GCC_OPTIMIZATION_LEVEL = 0;
				GCC_PREPROCESSOR_DEFINITIONS = (
					"DEBUG=1",
					"$(inherited)",
				);
				GCC_WARN_64_TO_32_BIT_CONVERSION = YES;
				GCC_WARN_ABOUT_RETURN_TYPE = YES_ERROR;
				GCC_WARN_UNDECLARED_SELECTOR = YES;
				GCC_WARN_UNINITIALIZED_AUTOS = YES_AGGRESSIVE;
				GCC_WARN_UNUSED_FUNCTION = YES;
				GCC_WARN_UNUSED_VARIABLE = YES;
				IPHONEOS_DEPLOYMENT_TARGET = 13.0;
				MTL_ENABLE_DEBUG_INFO = INCLUDE_SOURCE;
				MTL_FAST_MATH = YES;
				ONLY_ACTIVE_ARCH = YES;
				SDKROOT = iphoneos;
				SWIFT_ACTIVE_COMPILATION_CONDITIONS = DEBUG;
				SWIFT_OPTIMIZATION_LEVEL = "-Onone";
			};
			name = Debug;
		};
		8A6B1C0728D2222B001A685B /* Release */ = {
			isa = XCBuildConfiguration;
			buildSettings = {
				ALWAYS_SEARCH_USER_PATHS = NO;
				CLANG_ANALYZER_NONNULL = YES;
				CLANG_ANALYZER_NUMBER_OBJECT_CONVERSION = YES_AGGRESSIVE;
				CLANG_CXX_LANGUAGE_STANDARD = "gnu++17";
				CLANG_ENABLE_MODULES = YES;
				CLANG_ENABLE_OBJC_ARC = YES;
				CLANG_ENABLE_OBJC_WEAK = YES;
				CLANG_WARN_BLOCK_CAPTURE_AUTORELEASING = YES;
				CLANG_WARN_BOOL_CONVERSION = YES;
				CLANG_WARN_COMMA = YES;
				CLANG_WARN_CONSTANT_CONVERSION = YES;
				CLANG_WARN_DEPRECATED_OBJC_IMPLEMENTATIONS = YES;
				CLANG_WARN_DIRECT_OBJC_ISA_USAGE = YES_ERROR;
				CLANG_WARN_DOCUMENTATION_COMMENTS = YES;
				CLANG_WARN_EMPTY_BODY = YES;
				CLANG_WARN_ENUM_CONVERSION = YES;
				CLANG_WARN_INFINITE_RECURSION = YES;
				CLANG_WARN_INT_CONVERSION = YES;
				CLANG_WARN_NON_LITERAL_NULL_CONVERSION = YES;
				CLANG_WARN_OBJC_IMPLICIT_RETAIN_SELF = YES;
				CLANG_WARN_OBJC_LITERAL_CONVERSION = YES;
				CLANG_WARN_OBJC_ROOT_CLASS = YES_ERROR;
				CLANG_WARN_QUOTED_INCLUDE_IN_FRAMEWORK_HEADER = YES;
				CLANG_WARN_RANGE_LOOP_ANALYSIS = YES;
				CLANG_WARN_STRICT_PROTOTYPES = YES;
				CLANG_WARN_SUSPICIOUS_MOVE = YES;
				CLANG_WARN_UNGUARDED_AVAILABILITY = YES_AGGRESSIVE;
				CLANG_WARN_UNREACHABLE_CODE = YES;
				CLANG_WARN__DUPLICATE_METHOD_MATCH = YES;
				COPY_PHASE_STRIP = NO;
				DEBUG_INFORMATION_FORMAT = "dwarf-with-dsym";
				ENABLE_NS_ASSERTIONS = NO;
				ENABLE_STRICT_OBJC_MSGSEND = YES;
				GCC_C_LANGUAGE_STANDARD = gnu11;
				GCC_NO_COMMON_BLOCKS = YES;
				GCC_WARN_64_TO_32_BIT_CONVERSION = YES;
				GCC_WARN_ABOUT_RETURN_TYPE = YES_ERROR;
				GCC_WARN_UNDECLARED_SELECTOR = YES;
				GCC_WARN_UNINITIALIZED_AUTOS = YES_AGGRESSIVE;
				GCC_WARN_UNUSED_FUNCTION = YES;
				GCC_WARN_UNUSED_VARIABLE = YES;
				IPHONEOS_DEPLOYMENT_TARGET = 13.0;
				MTL_ENABLE_DEBUG_INFO = NO;
				MTL_FAST_MATH = YES;
				SDKROOT = iphoneos;
				SWIFT_COMPILATION_MODE = wholemodule;
				SWIFT_OPTIMIZATION_LEVEL = "-O";
				VALIDATE_PRODUCT = YES;
			};
			name = Release;
		};
		8A6B1C0928D2222B001A685B /* Debug */ = {
			isa = XCBuildConfiguration;
			buildSettings = {
				ASSETCATALOG_COMPILER_APPICON_NAME = AppIcon;
				ASSETCATALOG_COMPILER_GLOBAL_ACCENT_COLOR_NAME = AccentColor;
				CODE_SIGN_STYLE = Automatic;
				CURRENT_PROJECT_VERSION = 1;
				GENERATE_INFOPLIST_FILE = YES;
				INFOPLIST_FILE = WeatherAppTask/Configurations/Info.plist;
				INFOPLIST_KEY_UIApplicationSupportsIndirectInputEvents = YES;
				INFOPLIST_KEY_UILaunchStoryboardName = LaunchScreen;
				INFOPLIST_KEY_UISupportedInterfaceOrientations_iPad = "UIInterfaceOrientationPortrait UIInterfaceOrientationPortraitUpsideDown UIInterfaceOrientationLandscapeLeft UIInterfaceOrientationLandscapeRight";
				INFOPLIST_KEY_UISupportedInterfaceOrientations_iPhone = "UIInterfaceOrientationPortrait UIInterfaceOrientationLandscapeLeft UIInterfaceOrientationLandscapeRight";
				IPHONEOS_DEPLOYMENT_TARGET = 13.0;
				LD_RUNPATH_SEARCH_PATHS = (
					"$(inherited)",
					"@executable_path/Frameworks",
				);
				MARKETING_VERSION = 1.0;
				PRODUCT_BUNDLE_IDENTIFIER = com.korsun.WeatherAppTask;
				PRODUCT_NAME = "$(TARGET_NAME)";
				SWIFT_EMIT_LOC_STRINGS = YES;
				SWIFT_VERSION = 5.0;
				TARGETED_DEVICE_FAMILY = 1;
			};
			name = Debug;
		};
		8A6B1C0A28D2222B001A685B /* Release */ = {
			isa = XCBuildConfiguration;
			buildSettings = {
				ASSETCATALOG_COMPILER_APPICON_NAME = AppIcon;
				ASSETCATALOG_COMPILER_GLOBAL_ACCENT_COLOR_NAME = AccentColor;
				CODE_SIGN_STYLE = Automatic;
				CURRENT_PROJECT_VERSION = 1;
				GENERATE_INFOPLIST_FILE = YES;
				INFOPLIST_FILE = WeatherAppTask/Configurations/Info.plist;
				INFOPLIST_KEY_UIApplicationSupportsIndirectInputEvents = YES;
				INFOPLIST_KEY_UILaunchStoryboardName = LaunchScreen;
				INFOPLIST_KEY_UISupportedInterfaceOrientations_iPad = "UIInterfaceOrientationPortrait UIInterfaceOrientationPortraitUpsideDown UIInterfaceOrientationLandscapeLeft UIInterfaceOrientationLandscapeRight";
				INFOPLIST_KEY_UISupportedInterfaceOrientations_iPhone = "UIInterfaceOrientationPortrait UIInterfaceOrientationLandscapeLeft UIInterfaceOrientationLandscapeRight";
				IPHONEOS_DEPLOYMENT_TARGET = 13.0;
				LD_RUNPATH_SEARCH_PATHS = (
					"$(inherited)",
					"@executable_path/Frameworks",
				);
				MARKETING_VERSION = 1.0;
				PRODUCT_BUNDLE_IDENTIFIER = com.korsun.WeatherAppTask;
				PRODUCT_NAME = "$(TARGET_NAME)";
				SWIFT_EMIT_LOC_STRINGS = YES;
				SWIFT_VERSION = 5.0;
				TARGETED_DEVICE_FAMILY = 1;
			};
			name = Release;
		};
/* End XCBuildConfiguration section */

/* Begin XCConfigurationList section */
		8A6B1BEF28D2222A001A685B /* Build configuration list for PBXProject "WeatherAppTask" */ = {
			isa = XCConfigurationList;
			buildConfigurations = (
				8A6B1C0628D2222B001A685B /* Debug */,
				8A6B1C0728D2222B001A685B /* Release */,
			);
			defaultConfigurationIsVisible = 0;
			defaultConfigurationName = Release;
		};
		8A6B1C0828D2222B001A685B /* Build configuration list for PBXNativeTarget "WeatherAppTask" */ = {
			isa = XCConfigurationList;
			buildConfigurations = (
				8A6B1C0928D2222B001A685B /* Debug */,
				8A6B1C0A28D2222B001A685B /* Release */,
			);
			defaultConfigurationIsVisible = 0;
			defaultConfigurationName = Release;
		};
/* End XCConfigurationList section */
	};
	rootObject = 8A6B1BEC28D2222A001A685B /* Project object */;
}
